
Microsoft Visual Studio Solution File, Format Version 12.00
# Visual Studio 2013
VisualStudioVersion = 12.0.21005.1
MinimumVisualStudioVersion = 10.0.40219.1
Project("{8BC9CEB8-8B4A-11D0-8D11-00A0C91BC942}") = "PathFinderTest", "PathFinderTest\PathFinderTest.vcxproj", "{639688DC-CEC1-45D4-900A-AEE56C4EBEED}"
EndProject
Project("{8BC9CEB8-8B4A-11D0-8D11-00A0C91BC942}") = "lua", "lua\lua.vcxproj", "{676123CA-0CE1-4882-A1E1-2F543AE9CAF5}"
EndProject
Global
	GlobalSection(SolutionConfigurationPlatforms) = preSolution
		Debug|Win32 = Debug|Win32
		Release|Win32 = Release|Win32
	EndGlobalSection
	GlobalSection(ProjectConfigurationPlatforms) = postSolution
		{639688DC-CEC1-45D4-900A-AEE56C4EBEED}.Debug|Win32.ActiveCfg = Debug|Win32
		{639688DC-CEC1-45D4-900A-AEE56C4EBEED}.Debug|Win32.Build.0 = Debug|Win32
		{639688DC-CEC1-45D4-900A-AEE56C4EBEED}.Release|Win32.ActiveCfg = Release|Win32
		{639688DC-CEC1-45D4-900A-AEE56C4EBEED}.Release|Win32.Build.0 = Release|Win32
		{676123CA-0CE1-4882-A1E1-2F543AE9CAF5}.Debug|Win32.ActiveCfg = Debug|Win32
		{676123CA-0CE1-4882-A1E1-2F543AE9CAF5}.Debug|Win32.Build.0 = Debug|Win32
		{676123CA-0CE1-4882-A1E1-2F543AE9CAF5}.Release|Win32.ActiveCfg = Release|Win32
		{676123CA-0CE1-4882-A1E1-2F543AE9CAF5}.Release|Win32.Build.0 = Release|Win32
	EndGlobalSection
	GlobalSection(SolutionProperties) = preSolution
		HideSolutionNode = FALSE
	EndGlobalSection
	GlobalSection(Performance) = preSolution
		HasPerformanceSessions = true
	EndGlobalSection
EndGlobal
