
Microsoft Visual Studio Solution File, Format Version 12.00
# Visual Studio 2012
Project("{8BC9CEB8-8B4A-11D0-8D11-00A0C91BC942}") = "PathFinderTest", "PathFinderTest\PathFinderTest.vcxproj", "{639688DC-CEC1-45D4-900A-AEE56C4EBEED}"
EndProject
Global
	GlobalSection(SolutionConfigurationPlatforms) = preSolution
		Debug|Win32 = Debug|Win32
		Release|Win32 = Release|Win32
	EndGlobalSection
	GlobalSection(ProjectConfigurationPlatforms) = postSolution
		{639688DC-CEC1-45D4-900A-AEE56C4EBEED}.Debug|Win32.ActiveCfg = Debug|Win32
		{639688DC-CEC1-45D4-900A-AEE56C4EBEED}.Debug|Win32.Build.0 = Debug|Win32
		{639688DC-CEC1-45D4-900A-AEE56C4EBEED}.Release|Win32.ActiveCfg = Release|Win32
		{639688DC-CEC1-45D4-900A-AEE56C4EBEED}.Release|Win32.Build.0 = Release|Win32
	EndGlobalSection
	GlobalSection(SolutionProperties) = preSolution
		HideSolutionNode = FALSE
	EndGlobalSection
EndGlobal
